
Microsoft Visual Studio Solution File, Format Version 12.00
# Visual Studio Version 17
VisualStudioVersion = 17.11.35312.102
MinimumVisualStudioVersion = 10.0.40219.1
Project("{FAE04EC0-301F-11D3-BF4B-00C04F79EFBC}") = "Code Academy - Conference Management System", "Code Academy - Conference Management System.csproj", "{99E9A991-BAE3-4727-9B97-45C4BE719590}"
EndProject
Global
	GlobalSection(SolutionConfigurationPlatforms) = preSolution
		Debug|Any CPU = Debug|Any CPU
		Release|Any CPU = Release|Any CPU
	EndGlobalSection
	GlobalSection(ProjectConfigurationPlatforms) = postSolution
		{99E9A991-BAE3-4727-9B97-45C4BE719590}.Debug|Any CPU.ActiveCfg = Debug|Any CPU
		{99E9A991-BAE3-4727-9B97-45C4BE719590}.Debug|Any CPU.Build.0 = Debug|Any CPU
		{99E9A991-BAE3-4727-9B97-45C4BE719590}.Release|Any CPU.ActiveCfg = Release|Any CPU
		{99E9A991-BAE3-4727-9B97-45C4BE719590}.Release|Any CPU.Build.0 = Release|Any CPU
	EndGlobalSection
	GlobalSection(SolutionProperties) = preSolution
		HideSolutionNode = FALSE
	EndGlobalSection
	GlobalSection(ExtensibilityGlobals) = postSolution
		SolutionGuid = {AC4E8DD5-4730-41F6-98DB-84DF159C01E1}
	EndGlobalSection
EndGlobal
